// !$*UTF8*$!
{
	archiveVersion = 1;
	classes = {
	};
	objectVersion = 46;
	objects = {

/* Begin PBXBuildFile section */
		913FA1131D7614A400381D0F /* Video.swift in Sources */ = {isa = PBXBuildFile; fileRef = 913FA1121D7614A400381D0F /* Video.swift */; };
		9169B9A21D758D01004B5FF0 /* Extensions.swift in Sources */ = {isa = PBXBuildFile; fileRef = 9169B9A11D758D01004B5FF0 /* Extensions.swift */; };
		9169B9A51D758DCE004B5FF0 /* VideoCell.swift in Sources */ = {isa = PBXBuildFile; fileRef = 9169B9A41D758DCE004B5FF0 /* VideoCell.swift */; };
		91A910B21D74BAAC00C1B37B /* AppDelegate.swift in Sources */ = {isa = PBXBuildFile; fileRef = 91A910B11D74BAAC00C1B37B /* AppDelegate.swift */; };
		91A910B41D74BAAC00C1B37B /* HomeController.swift in Sources */ = {isa = PBXBuildFile; fileRef = 91A910B31D74BAAC00C1B37B /* HomeController.swift */; };
		91A910B71D74BAAC00C1B37B /* Main.storyboard in Resources */ = {isa = PBXBuildFile; fileRef = 91A910B51D74BAAC00C1B37B /* Main.storyboard */; };
		91A910B91D74BAAC00C1B37B /* Assets.xcassets in Resources */ = {isa = PBXBuildFile; fileRef = 91A910B81D74BAAC00C1B37B /* Assets.xcassets */; };
		91A910BC1D74BAAC00C1B37B /* LaunchScreen.storyboard in Resources */ = {isa = PBXBuildFile; fileRef = 91A910BA1D74BAAC00C1B37B /* LaunchScreen.storyboard */; };
		91D3B07D1D77FAAF004DE021 /* SettingsLauncher.swift in Sources */ = {isa = PBXBuildFile; fileRef = 91D3B07C1D77FAAF004DE021 /* SettingsLauncher.swift */; };
		91D8DDEF1D7594BB00ABA1B0 /* MenuBar.swift in Sources */ = {isa = PBXBuildFile; fileRef = 91D8DDEE1D7594BB00ABA1B0 /* MenuBar.swift */; };
/* End PBXBuildFile section */

/* Begin PBXFileReference section */
		913FA1121D7614A400381D0F /* Video.swift */ = {isa = PBXFileReference; fileEncoding = 4; lastKnownFileType = sourcecode.swift; path = Video.swift; sourceTree = "<group>"; };
		9169B9A11D758D01004B5FF0 /* Extensions.swift */ = {isa = PBXFileReference; fileEncoding = 4; lastKnownFileType = sourcecode.swift; path = Extensions.swift; sourceTree = "<group>"; };
		9169B9A41D758DCE004B5FF0 /* VideoCell.swift */ = {isa = PBXFileReference; fileEncoding = 4; lastKnownFileType = sourcecode.swift; path = VideoCell.swift; sourceTree = "<group>"; };
		91A910AE1D74BAAC00C1B37B /* MeTube.app */ = {isa = PBXFileReference; explicitFileType = wrapper.application; includeInIndex = 0; path = MeTube.app; sourceTree = BUILT_PRODUCTS_DIR; };
		91A910B11D74BAAC00C1B37B /* AppDelegate.swift */ = {isa = PBXFileReference; lastKnownFileType = sourcecode.swift; path = AppDelegate.swift; sourceTree = "<group>"; };
		91A910B31D74BAAC00C1B37B /* HomeController.swift */ = {isa = PBXFileReference; lastKnownFileType = sourcecode.swift; path = HomeController.swift; sourceTree = "<group>"; };
		91A910B61D74BAAC00C1B37B /* Base */ = {isa = PBXFileReference; lastKnownFileType = file.storyboard; name = Base; path = Base.lproj/Main.storyboard; sourceTree = "<group>"; };
		91A910B81D74BAAC00C1B37B /* Assets.xcassets */ = {isa = PBXFileReference; lastKnownFileType = folder.assetcatalog; path = Assets.xcassets; sourceTree = "<group>"; };
		91A910BB1D74BAAC00C1B37B /* Base */ = {isa = PBXFileReference; lastKnownFileType = file.storyboard; name = Base; path = Base.lproj/LaunchScreen.storyboard; sourceTree = "<group>"; };
		91A910BD1D74BAAC00C1B37B /* Info.plist */ = {isa = PBXFileReference; lastKnownFileType = text.plist.xml; path = Info.plist; sourceTree = "<group>"; };
		91D3B07C1D77FAAF004DE021 /* SettingsLauncher.swift */ = {isa = PBXFileReference; fileEncoding = 4; lastKnownFileType = sourcecode.swift; path = SettingsLauncher.swift; sourceTree = "<group>"; };
		91D8DDEE1D7594BB00ABA1B0 /* MenuBar.swift */ = {isa = PBXFileReference; fileEncoding = 4; lastKnownFileType = sourcecode.swift; path = MenuBar.swift; sourceTree = "<group>"; };
/* End PBXFileReference section */

/* Begin PBXFrameworksBuildPhase section */
		91A910AB1D74BAAC00C1B37B /* Frameworks */ = {
			isa = PBXFrameworksBuildPhase;
			buildActionMask = 2147483647;
			files = (
			);
			runOnlyForDeploymentPostprocessing = 0;
		};
/* End PBXFrameworksBuildPhase section */

/* Begin PBXGroup section */
		913FA1111D76148A00381D0F /* Model */ = {
			isa = PBXGroup;
			children = (
				913FA1121D7614A400381D0F /* Video.swift */,
			);
			name = Model;
			sourceTree = "<group>";
		};
		9169B9A01D758CE4004B5FF0 /* Helpers */ = {
			isa = PBXGroup;
			children = (
				9169B9A11D758D01004B5FF0 /* Extensions.swift */,
			);
			name = Helpers;
			sourceTree = "<group>";
		};
		9169B9A31D758D9D004B5FF0 /* View */ = {
			isa = PBXGroup;
			children = (
				9169B9A41D758DCE004B5FF0 /* VideoCell.swift */,
				91D8DDEE1D7594BB00ABA1B0 /* MenuBar.swift */,
			);
			name = View;
			sourceTree = "<group>";
		};
		9169B9A61D758E0F004B5FF0 /* Controller */ = {
			isa = PBXGroup;
			children = (
				91A910B31D74BAAC00C1B37B /* HomeController.swift */,
				91D3B07C1D77FAAF004DE021 /* SettingsLauncher.swift */,
			);
			name = Controller;
			sourceTree = "<group>";
		};
		91A910A51D74BAAC00C1B37B = {
			isa = PBXGroup;
			children = (
				91A910B01D74BAAC00C1B37B /* MeTube */,
				91A910AF1D74BAAC00C1B37B /* Products */,
			);
			sourceTree = "<group>";
		};
		91A910AF1D74BAAC00C1B37B /* Products */ = {
			isa = PBXGroup;
			children = (
				91A910AE1D74BAAC00C1B37B /* MeTube.app */,
			);
			name = Products;
			sourceTree = "<group>";
		};
		91A910B01D74BAAC00C1B37B /* MeTube */ = {
			isa = PBXGroup;
			children = (
				913FA1111D76148A00381D0F /* Model */,
				9169B9A31D758D9D004B5FF0 /* View */,
				9169B9A61D758E0F004B5FF0 /* Controller */,
				9169B9A01D758CE4004B5FF0 /* Helpers */,
				91A910B11D74BAAC00C1B37B /* AppDelegate.swift */,
				91A910B51D74BAAC00C1B37B /* Main.storyboard */,
				91A910B81D74BAAC00C1B37B /* Assets.xcassets */,
				91A910BA1D74BAAC00C1B37B /* LaunchScreen.storyboard */,
				91A910BD1D74BAAC00C1B37B /* Info.plist */,
			);
			path = MeTube;
			sourceTree = "<group>";
		};
/* End PBXGroup section */

/* Begin PBXNativeTarget section */
		91A910AD1D74BAAC00C1B37B /* MeTube */ = {
			isa = PBXNativeTarget;
			buildConfigurationList = 91A910C01D74BAAC00C1B37B /* Build configuration list for PBXNativeTarget "MeTube" */;
			buildPhases = (
				91A910AA1D74BAAC00C1B37B /* Sources */,
				91A910AB1D74BAAC00C1B37B /* Frameworks */,
				91A910AC1D74BAAC00C1B37B /* Resources */,
			);
			buildRules = (
			);
			dependencies = (
			);
			name = MeTube;
			productName = MeTube;
			productReference = 91A910AE1D74BAAC00C1B37B /* MeTube.app */;
			productType = "com.apple.product-type.application";
		};
/* End PBXNativeTarget section */

/* Begin PBXProject section */
		91A910A61D74BAAC00C1B37B /* Project object */ = {
			isa = PBXProject;
			attributes = {
				LastSwiftUpdateCheck = 0730;
				LastUpgradeCheck = 0730;
				ORGANIZATIONNAME = "Stanley Pan";
				TargetAttributes = {
					91A910AD1D74BAAC00C1B37B = {
						CreatedOnToolsVersion = 7.3.1;
						DevelopmentTeam = P48JT8XFF3;
					};
				};
			};
			buildConfigurationList = 91A910A91D74BAAC00C1B37B /* Build configuration list for PBXProject "MeTube" */;
			compatibilityVersion = "Xcode 3.2";
			developmentRegion = English;
			hasScannedForEncodings = 0;
			knownRegions = (
				en,
				Base,
			);
			mainGroup = 91A910A51D74BAAC00C1B37B;
			productRefGroup = 91A910AF1D74BAAC00C1B37B /* Products */;
			projectDirPath = "";
			projectRoot = "";
			targets = (
				91A910AD1D74BAAC00C1B37B /* MeTube */,
			);
		};
/* End PBXProject section */

/* Begin PBXResourcesBuildPhase section */
		91A910AC1D74BAAC00C1B37B /* Resources */ = {
			isa = PBXResourcesBuildPhase;
			buildActionMask = 2147483647;
			files = (
				91A910BC1D74BAAC00C1B37B /* LaunchScreen.storyboard in Resources */,
				91A910B91D74BAAC00C1B37B /* Assets.xcassets in Resources */,
				91A910B71D74BAAC00C1B37B /* Main.storyboard in Resources */,
			);
			runOnlyForDeploymentPostprocessing = 0;
		};
/* End PBXResourcesBuildPhase section */

/* Begin PBXSourcesBuildPhase section */
		91A910AA1D74BAAC00C1B37B /* Sources */ = {
			isa = PBXSourcesBuildPhase;
			buildActionMask = 2147483647;
			files = (
				91A910B41D74BAAC00C1B37B /* HomeController.swift in Sources */,
				913FA1131D7614A400381D0F /* Video.swift in Sources */,
				9169B9A51D758DCE004B5FF0 /* VideoCell.swift in Sources */,
				91D3B07D1D77FAAF004DE021 /* SettingsLauncher.swift in Sources */,
				9169B9A21D758D01004B5FF0 /* Extensions.swift in Sources */,
				91A910B21D74BAAC00C1B37B /* AppDelegate.swift in Sources */,
				91D8DDEF1D7594BB00ABA1B0 /* MenuBar.swift in Sources */,
			);
			runOnlyForDeploymentPostprocessing = 0;
		};
/* End PBXSourcesBuildPhase section */

/* Begin PBXVariantGroup section */
		91A910B51D74BAAC00C1B37B /* Main.storyboard */ = {
			isa = PBXVariantGroup;
			children = (
				91A910B61D74BAAC00C1B37B /* Base */,
			);
			name = Main.storyboard;
			sourceTree = "<group>";
		};
		91A910BA1D74BAAC00C1B37B /* LaunchScreen.storyboard */ = {
			isa = PBXVariantGroup;
			children = (
				91A910BB1D74BAAC00C1B37B /* Base */,
			);
			name = LaunchScreen.storyboard;
			sourceTree = "<group>";
		};
/* End PBXVariantGroup section */

/* Begin XCBuildConfiguration section */
		91A910BE1D74BAAC00C1B37B /* Debug */ = {
			isa = XCBuildConfiguration;
			buildSettings = {
				ALWAYS_SEARCH_USER_PATHS = NO;
				CLANG_ANALYZER_NONNULL = YES;
				CLANG_CXX_LANGUAGE_STANDARD = "gnu++0x";
				CLANG_CXX_LIBRARY = "libc++";
				CLANG_ENABLE_MODULES = YES;
				CLANG_ENABLE_OBJC_ARC = YES;
				CLANG_WARN_BOOL_CONVERSION = YES;
				CLANG_WARN_CONSTANT_CONVERSION = YES;
				CLANG_WARN_DIRECT_OBJC_ISA_USAGE = YES_ERROR;
				CLANG_WARN_EMPTY_BODY = YES;
				CLANG_WARN_ENUM_CONVERSION = YES;
				CLANG_WARN_INT_CONVERSION = YES;
				CLANG_WARN_OBJC_ROOT_CLASS = YES_ERROR;
				CLANG_WARN_UNREACHABLE_CODE = YES;
				CLANG_WARN__DUPLICATE_METHOD_MATCH = YES;
				"CODE_SIGN_IDENTITY[sdk=iphoneos*]" = "iPhone Developer";
				COPY_PHASE_STRIP = NO;
				DEBUG_INFORMATION_FORMAT = dwarf;
				ENABLE_STRICT_OBJC_MSGSEND = YES;
				ENABLE_TESTABILITY = YES;
				GCC_C_LANGUAGE_STANDARD = gnu99;
				GCC_DYNAMIC_NO_PIC = NO;
				GCC_NO_COMMON_BLOCKS = YES;
				GCC_OPTIMIZATION_LEVEL = 0;
				GCC_PREPROCESSOR_DEFINITIONS = (
					"DEBUG=1",
					"$(inherited)",
				);
				GCC_WARN_64_TO_32_BIT_CONVERSION = YES;
				GCC_WARN_ABOUT_RETURN_TYPE = YES_ERROR;
				GCC_WARN_UNDECLARED_SELECTOR = YES;
				GCC_WARN_UNINITIALIZED_AUTOS = YES_AGGRESSIVE;
				GCC_WARN_UNUSED_FUNCTION = YES;
				GCC_WARN_UNUSED_VARIABLE = YES;
				IPHONEOS_DEPLOYMENT_TARGET = 9.3;
				MTL_ENABLE_DEBUG_INFO = YES;
				ONLY_ACTIVE_ARCH = YES;
				SDKROOT = iphoneos;
				SWIFT_OPTIMIZATION_LEVEL = "-Onone";
				TARGETED_DEVICE_FAMILY = "1,2";
			};
			name = Debug;
		};
		91A910BF1D74BAAC00C1B37B /* Release */ = {
			isa = XCBuildConfiguration;
			buildSettings = {
				ALWAYS_SEARCH_USER_PATHS = NO;
				CLANG_ANALYZER_NONNULL = YES;
				CLANG_CXX_LANGUAGE_STANDARD = "gnu++0x";
				CLANG_CXX_LIBRARY = "libc++";
				CLANG_ENABLE_MODULES = YES;
				CLANG_ENABLE_OBJC_ARC = YES;
				CLANG_WARN_BOOL_CONVERSION = YES;
				CLANG_WARN_CONSTANT_CONVERSION = YES;
				CLANG_WARN_DIRECT_OBJC_ISA_USAGE = YES_ERROR;
				CLANG_WARN_EMPTY_BODY = YES;
				CLANG_WARN_ENUM_CONVERSION = YES;
				CLANG_WARN_INT_CONVERSION = YES;
				CLANG_WARN_OBJC_ROOT_CLASS = YES_ERROR;
				CLANG_WARN_UNREACHABLE_CODE = YES;
				CLANG_WARN__DUPLICATE_METHOD_MATCH = YES;
				"CODE_SIGN_IDENTITY[sdk=iphoneos*]" = "iPhone Developer";
				COPY_PHASE_STRIP = NO;
				DEBUG_INFORMATION_FORMAT = "dwarf-with-dsym";
				ENABLE_NS_ASSERTIONS = NO;
				ENABLE_STRICT_OBJC_MSGSEND = YES;
				GCC_C_LANGUAGE_STANDARD = gnu99;
				GCC_NO_COMMON_BLOCKS = YES;
				GCC_WARN_64_TO_32_BIT_CONVERSION = YES;
				GCC_WARN_ABOUT_RETURN_TYPE = YES_ERROR;
				GCC_WARN_UNDECLARED_SELECTOR = YES;
				GCC_WARN_UNINITIALIZED_AUTOS = YES_AGGRESSIVE;
				GCC_WARN_UNUSED_FUNCTION = YES;
				GCC_WARN_UNUSED_VARIABLE = YES;
				IPHONEOS_DEPLOYMENT_TARGET = 9.3;
				MTL_ENABLE_DEBUG_INFO = NO;
				SDKROOT = iphoneos;
				TARGETED_DEVICE_FAMILY = "1,2";
				VALIDATE_PRODUCT = YES;
			};
			name = Release;
		};
		91A910C11D74BAAC00C1B37B /* Debug */ = {
			isa = XCBuildConfiguration;
			buildSettings = {
				ASSETCATALOG_COMPILER_APPICON_NAME = AppIcon;
				INFOPLIST_FILE = MeTube/Info.plist;
				LD_RUNPATH_SEARCH_PATHS = "$(inherited) @executable_path/Frameworks";
				PRODUCT_BUNDLE_IDENTIFIER = com.github.iMoment.MeTube;
				PRODUCT_NAME = "$(TARGET_NAME)";
			};
			name = Debug;
		};
		91A910C21D74BAAC00C1B37B /* Release */ = {
			isa = XCBuildConfiguration;
			buildSettings = {
				ASSETCATALOG_COMPILER_APPICON_NAME = AppIcon;
				INFOPLIST_FILE = MeTube/Info.plist;
				LD_RUNPATH_SEARCH_PATHS = "$(inherited) @executable_path/Frameworks";
				PRODUCT_BUNDLE_IDENTIFIER = com.github.iMoment.MeTube;
				PRODUCT_NAME = "$(TARGET_NAME)";
			};
			name = Release;
		};
/* End XCBuildConfiguration section */

/* Begin XCConfigurationList section */
		91A910A91D74BAAC00C1B37B /* Build configuration list for PBXProject "MeTube" */ = {
			isa = XCConfigurationList;
			buildConfigurations = (
				91A910BE1D74BAAC00C1B37B /* Debug */,
				91A910BF1D74BAAC00C1B37B /* Release */,
			);
			defaultConfigurationIsVisible = 0;
			defaultConfigurationName = Release;
		};
		91A910C01D74BAAC00C1B37B /* Build configuration list for PBXNativeTarget "MeTube" */ = {
			isa = XCConfigurationList;
			buildConfigurations = (
				91A910C11D74BAAC00C1B37B /* Debug */,
				91A910C21D74BAAC00C1B37B /* Release */,
			);
			defaultConfigurationIsVisible = 0;
			defaultConfigurationName = Release;
		};
/* End XCConfigurationList section */
	};
	rootObject = 91A910A61D74BAAC00C1B37B /* Project object */;
}
